// !$*UTF8*$!
{
	archiveVersion = 1;
	classes = {
	};
	objectVersion = 50;
	objects = {

/* Begin PBXBuildFile section */
		CB580504210AD76E0091B6FF /* AppDelegate.swift in Sources */ = {isa = PBXBuildFile; fileRef = CB580503210AD76E0091B6FF /* AppDelegate.swift */; };
		CB580506210AD76E0091B6FF /* ViewController.swift in Sources */ = {isa = PBXBuildFile; fileRef = CB580505210AD76E0091B6FF /* ViewController.swift */; };
		CB580509210AD76E0091B6FF /* Main.storyboard in Resources */ = {isa = PBXBuildFile; fileRef = CB580507210AD76E0091B6FF /* Main.storyboard */; };
		CB58050B210AD76F0091B6FF /* Assets.xcassets in Resources */ = {isa = PBXBuildFile; fileRef = CB58050A210AD76F0091B6FF /* Assets.xcassets */; };
		CB58050E210AD76F0091B6FF /* LaunchScreen.storyboard in Resources */ = {isa = PBXBuildFile; fileRef = CB58050C210AD76F0091B6FF /* LaunchScreen.storyboard */; };
		CB58054A210B17010091B6FF /* GenderNet.mlmodel in Sources */ = {isa = PBXBuildFile; fileRef = CB580549210B17010091B6FF /* GenderNet.mlmodel */; };
		CB58054C210B19030091B6FF /* AgeNet.mlmodel in Sources */ = {isa = PBXBuildFile; fileRef = CB58054B210B19030091B6FF /* AgeNet.mlmodel */; };
/* End PBXBuildFile section */

/* Begin PBXFileReference section */
		CB580500210AD76E0091B6FF /* SwiftHelloAgeGender.app */ = {isa = PBXFileReference; explicitFileType = wrapper.application; includeInIndex = 0; path = SwiftHelloAgeGender.app; sourceTree = BUILT_PRODUCTS_DIR; };
		CB580503210AD76E0091B6FF /* AppDelegate.swift */ = {isa = PBXFileReference; lastKnownFileType = sourcecode.swift; path = AppDelegate.swift; sourceTree = "<group>"; };
		CB580505210AD76E0091B6FF /* ViewController.swift */ = {isa = PBXFileReference; lastKnownFileType = sourcecode.swift; path = ViewController.swift; sourceTree = "<group>"; };
		CB580508210AD76E0091B6FF /* Base */ = {isa = PBXFileReference; lastKnownFileType = file.storyboard; name = Base; path = Base.lproj/Main.storyboard; sourceTree = "<group>"; };
		CB58050A210AD76F0091B6FF /* Assets.xcassets */ = {isa = PBXFileReference; lastKnownFileType = folder.assetcatalog; path = Assets.xcassets; sourceTree = "<group>"; };
		CB58050D210AD76F0091B6FF /* Base */ = {isa = PBXFileReference; lastKnownFileType = file.storyboard; name = Base; path = Base.lproj/LaunchScreen.storyboard; sourceTree = "<group>"; };
		CB58050F210AD76F0091B6FF /* Info.plist */ = {isa = PBXFileReference; lastKnownFileType = text.plist.xml; path = Info.plist; sourceTree = "<group>"; };
		CB580549210B17010091B6FF /* GenderNet.mlmodel */ = {isa = PBXFileReference; lastKnownFileType = file.mlmodel; path = GenderNet.mlmodel; sourceTree = "<group>"; };
		CB58054B210B19030091B6FF /* AgeNet.mlmodel */ = {isa = PBXFileReference; lastKnownFileType = file.mlmodel; path = AgeNet.mlmodel; sourceTree = "<group>"; };
/* End PBXFileReference section */

/* Begin PBXFrameworksBuildPhase section */
		CB5804FD210AD76E0091B6FF /* Frameworks */ = {
			isa = PBXFrameworksBuildPhase;
			buildActionMask = 2147483647;
			files = (
			);
			runOnlyForDeploymentPostprocessing = 0;
		};
/* End PBXFrameworksBuildPhase section */

/* Begin PBXGroup section */
		CB5804F7210AD76E0091B6FF = {
			isa = PBXGroup;
			children = (
				CB580502210AD76E0091B6FF /* HelloMyObjectRecognizer */,
				CB580501210AD76E0091B6FF /* Products */,
			);
			sourceTree = "<group>";
		};
		CB580501210AD76E0091B6FF /* Products */ = {
			isa = PBXGroup;
			children = (
				CB580500210AD76E0091B6FF /* SwiftHelloAgeGender.app */,
			);
			name = Products;
			sourceTree = "<group>";
		};
		CB580502210AD76E0091B6FF /* HelloMyObjectRecognizer */ = {
			isa = PBXGroup;
			children = (
				CB58054B210B19030091B6FF /* AgeNet.mlmodel */,
				CB580549210B17010091B6FF /* GenderNet.mlmodel */,
				CB580503210AD76E0091B6FF /* AppDelegate.swift */,
				CB580505210AD76E0091B6FF /* ViewController.swift */,
				CB580507210AD76E0091B6FF /* Main.storyboard */,
				CB58050A210AD76F0091B6FF /* Assets.xcassets */,
				CB58050C210AD76F0091B6FF /* LaunchScreen.storyboard */,
				CB58050F210AD76F0091B6FF /* Info.plist */,
			);
			path = HelloMyObjectRecognizer;
			sourceTree = "<group>";
		};
/* End PBXGroup section */

/* Begin PBXNativeTarget section */
		CB5804FF210AD76E0091B6FF /* SwiftHelloAgeGender */ = {
			isa = PBXNativeTarget;
			buildConfigurationList = CB580512210AD76F0091B6FF /* Build configuration list for PBXNativeTarget "SwiftHelloAgeGender" */;
			buildPhases = (
				CB5804FC210AD76E0091B6FF /* Sources */,
				CB5804FD210AD76E0091B6FF /* Frameworks */,
				CB5804FE210AD76E0091B6FF /* Resources */,
			);
			buildRules = (
			);
			dependencies = (
			);
			name = SwiftHelloAgeGender;
			productName = HelloMyObjectRecognizer;
			productReference = CB580500210AD76E0091B6FF /* SwiftHelloAgeGender.app */;
			productType = "com.apple.product-type.application";
		};
/* End PBXNativeTarget section */

/* Begin PBXProject section */
		CB5804F8210AD76E0091B6FF /* Project object */ = {
			isa = PBXProject;
			attributes = {
				LastSwiftUpdateCheck = 0940;
				LastUpgradeCheck = 0940;
				ORGANIZATIONNAME = "SoftArts Inc.";
				TargetAttributes = {
					CB5804FF210AD76E0091B6FF = {
						CreatedOnToolsVersion = 9.4.1;
					};
				};
			};
			buildConfigurationList = CB5804FB210AD76E0091B6FF /* Build configuration list for PBXProject "SwiftHelloAgeGender" */;
			compatibilityVersion = "Xcode 9.3";
			developmentRegion = en;
			hasScannedForEncodings = 0;
			knownRegions = (
				en,
				Base,
			);
			mainGroup = CB5804F7210AD76E0091B6FF;
			productRefGroup = CB580501210AD76E0091B6FF /* Products */;
			projectDirPath = "";
			projectRoot = "";
			targets = (
				CB5804FF210AD76E0091B6FF /* SwiftHelloAgeGender */,
			);
		};
/* End PBXProject section */

/* Begin PBXResourcesBuildPhase section */
		CB5804FE210AD76E0091B6FF /* Resources */ = {
			isa = PBXResourcesBuildPhase;
			buildActionMask = 2147483647;
			files = (
				CB58050E210AD76F0091B6FF /* LaunchScreen.storyboard in Resources */,
				CB58050B210AD76F0091B6FF /* Assets.xcassets in Resources */,
				CB580509210AD76E0091B6FF /* Main.storyboard in Resources */,
			);
			runOnlyForDeploymentPostprocessing = 0;
		};
/* End PBXResourcesBuildPhase section */

/* Begin PBXSourcesBuildPhase section */
		CB5804FC210AD76E0091B6FF /* Sources */ = {
			isa = PBXSourcesBuildPhase;
			buildActionMask = 2147483647;
			files = (
				CB580506210AD76E0091B6FF /* ViewController.swift in Sources */,
				CB58054C210B19030091B6FF /* AgeNet.mlmodel in Sources */,
				CB58054A210B17010091B6FF /* GenderNet.mlmodel in Sources */,
				CB580504210AD76E0091B6FF /* AppDelegate.swift in Sources */,
			);
			runOnlyForDeploymentPostprocessing = 0;
		};
/* End PBXSourcesBuildPhase section */

/* Begin PBXVariantGroup section */
		CB580507210AD76E0091B6FF /* Main.storyboard */ = {
			isa = PBXVariantGroup;
			children = (
				CB580508210AD76E0091B6FF /* Base */,
			);
			name = Main.storyboard;
			sourceTree = "<group>";
		};
		CB58050C210AD76F0091B6FF /* LaunchScreen.storyboard */ = {
			isa = PBXVariantGroup;
			children = (
				CB58050D210AD76F0091B6FF /* Base */,
			);
			name = LaunchScreen.storyboard;
			sourceTree = "<group>";
		};
/* End PBXVariantGroup section */

/* Begin XCBuildConfiguration section */
		CB580510210AD76F0091B6FF /* Debug */ = {
			isa = XCBuildConfiguration;
			buildSettings = {
				ALWAYS_SEARCH_USER_PATHS = NO;
				CLANG_ANALYZER_NONNULL = YES;
				CLANG_ANALYZER_NUMBER_OBJECT_CONVERSION = YES_AGGRESSIVE;
				CLANG_CXX_LANGUAGE_STANDARD = "gnu++14";
				CLANG_CXX_LIBRARY = "libc++";
				CLANG_ENABLE_MODULES = YES;
				CLANG_ENABLE_OBJC_ARC = YES;
				CLANG_ENABLE_OBJC_WEAK = YES;
				CLANG_WARN_BLOCK_CAPTURE_AUTORELEASING = YES;
				CLANG_WARN_BOOL_CONVERSION = YES;
				CLANG_WARN_COMMA = YES;
				CLANG_WARN_CONSTANT_CONVERSION = YES;
				CLANG_WARN_DEPRECATED_OBJC_IMPLEMENTATIONS = YES;
				CLANG_WARN_DIRECT_OBJC_ISA_USAGE = YES_ERROR;
				CLANG_WARN_DOCUMENTATION_COMMENTS = YES;
				CLANG_WARN_EMPTY_BODY = YES;
				CLANG_WARN_ENUM_CONVERSION = YES;
				CLANG_WARN_INFINITE_RECURSION = YES;
				CLANG_WARN_INT_CONVERSION = YES;
				CLANG_WARN_NON_LITERAL_NULL_CONVERSION = YES;
				CLANG_WARN_OBJC_IMPLICIT_RETAIN_SELF = YES;
				CLANG_WARN_OBJC_LITERAL_CONVERSION = YES;
				CLANG_WARN_OBJC_ROOT_CLASS = YES_ERROR;
				CLANG_WARN_RANGE_LOOP_ANALYSIS = YES;
				CLANG_WARN_STRICT_PROTOTYPES = YES;
				CLANG_WARN_SUSPICIOUS_MOVE = YES;
				CLANG_WARN_UNGUARDED_AVAILABILITY = YES_AGGRESSIVE;
				CLANG_WARN_UNREACHABLE_CODE = YES;
				CLANG_WARN__DUPLICATE_METHOD_MATCH = YES;
				CODE_SIGN_IDENTITY = "iPhone Developer";
				COPY_PHASE_STRIP = NO;
				DEBUG_INFORMATION_FORMAT = dwarf;
				ENABLE_STRICT_OBJC_MSGSEND = YES;
				ENABLE_TESTABILITY = YES;
				GCC_C_LANGUAGE_STANDARD = gnu11;
				GCC_DYNAMIC_NO_PIC = NO;
				GCC_NO_COMMON_BLOCKS = YES;
				GCC_OPTIMIZATION_LEVEL = 0;
				GCC_PREPROCESSOR_DEFINITIONS = (
					"DEBUG=1",
					"$(inherited)",
				);
				GCC_WARN_64_TO_32_BIT_CONVERSION = YES;
				GCC_WARN_ABOUT_RETURN_TYPE = YES_ERROR;
				GCC_WARN_UNDECLARED_SELECTOR = YES;
				GCC_WARN_UNINITIALIZED_AUTOS = YES_AGGRESSIVE;
				GCC_WARN_UNUSED_FUNCTION = YES;
				GCC_WARN_UNUSED_VARIABLE = YES;
				IPHONEOS_DEPLOYMENT_TARGET = 11.4;
				MTL_ENABLE_DEBUG_INFO = YES;
				ONLY_ACTIVE_ARCH = YES;
				SDKROOT = iphoneos;
				SWIFT_ACTIVE_COMPILATION_CONDITIONS = DEBUG;
				SWIFT_OPTIMIZATION_LEVEL = "-Onone";
			};
			name = Debug;
		};
		CB580511210AD76F0091B6FF /* Release */ = {
			isa = XCBuildConfiguration;
			buildSettings = {
				ALWAYS_SEARCH_USER_PATHS = NO;
				CLANG_ANALYZER_NONNULL = YES;
				CLANG_ANALYZER_NUMBER_OBJECT_CONVERSION = YES_AGGRESSIVE;
				CLANG_CXX_LANGUAGE_STANDARD = "gnu++14";
				CLANG_CXX_LIBRARY = "libc++";
				CLANG_ENABLE_MODULES = YES;
				CLANG_ENABLE_OBJC_ARC = YES;
				CLANG_ENABLE_OBJC_WEAK = YES;
				CLANG_WARN_BLOCK_CAPTURE_AUTORELEASING = YES;
				CLANG_WARN_BOOL_CONVERSION = YES;
				CLANG_WARN_COMMA = YES;
				CLANG_WARN_CONSTANT_CONVERSION = YES;
				CLANG_WARN_DEPRECATED_OBJC_IMPLEMENTATIONS = YES;
				CLANG_WARN_DIRECT_OBJC_ISA_USAGE = YES_ERROR;
				CLANG_WARN_DOCUMENTATION_COMMENTS = YES;
				CLANG_WARN_EMPTY_BODY = YES;
				CLANG_WARN_ENUM_CONVERSION = YES;
				CLANG_WARN_INFINITE_RECURSION = YES;
				CLANG_WARN_INT_CONVERSION = YES;
				CLANG_WARN_NON_LITERAL_NULL_CONVERSION = YES;
				CLANG_WARN_OBJC_IMPLICIT_RETAIN_SELF = YES;
				CLANG_WARN_OBJC_LITERAL_CONVERSION = YES;
				CLANG_WARN_OBJC_ROOT_CLASS = YES_ERROR;
				CLANG_WARN_RANGE_LOOP_ANALYSIS = YES;
				CLANG_WARN_STRICT_PROTOTYPES = YES;
				CLANG_WARN_SUSPICIOUS_MOVE = YES;
				CLANG_WARN_UNGUARDED_AVAILABILITY = YES_AGGRESSIVE;
				CLANG_WARN_UNREACHABLE_CODE = YES;
				CLANG_WARN__DUPLICATE_METHOD_MATCH = YES;
				CODE_SIGN_IDENTITY = "iPhone Developer";
				COPY_PHASE_STRIP = NO;
				DEBUG_INFORMATION_FORMAT = "dwarf-with-dsym";
				ENABLE_NS_ASSERTIONS = NO;
				ENABLE_STRICT_OBJC_MSGSEND = YES;
				GCC_C_LANGUAGE_STANDARD = gnu11;
				GCC_NO_COMMON_BLOCKS = YES;
				GCC_WARN_64_TO_32_BIT_CONVERSION = YES;
				GCC_WARN_ABOUT_RETURN_TYPE = YES_ERROR;
				GCC_WARN_UNDECLARED_SELECTOR = YES;
				GCC_WARN_UNINITIALIZED_AUTOS = YES_AGGRESSIVE;
				GCC_WARN_UNUSED_FUNCTION = YES;
				GCC_WARN_UNUSED_VARIABLE = YES;
				IPHONEOS_DEPLOYMENT_TARGET = 11.4;
				MTL_ENABLE_DEBUG_INFO = NO;
				SDKROOT = iphoneos;
				SWIFT_COMPILATION_MODE = wholemodule;
				SWIFT_OPTIMIZATION_LEVEL = "-O";
				VALIDATE_PRODUCT = YES;
			};
			name = Release;
		};
		CB580513210AD76F0091B6FF /* Debug */ = {
			isa = XCBuildConfiguration;
			buildSettings = {
				ASSETCATALOG_COMPILER_APPICON_NAME = AppIcon;
				CODE_SIGN_STYLE = Automatic;
				DEVELOPMENT_TEAM = 2QQ25SWC5D;
				INFOPLIST_FILE = HelloMyObjectRecognizer/Info.plist;
				LD_RUNPATH_SEARCH_PATHS = (
					"$(inherited)",
					"@executable_path/Frameworks",
				);
				PRODUCT_BUNDLE_IDENTIFIER = cc.softarts.HelloMyObjectRecognizer;
				PRODUCT_NAME = "$(TARGET_NAME)";
				SWIFT_VERSION = 4.0;
				TARGETED_DEVICE_FAMILY = "1,2";
			};
			name = Debug;
		};
		CB580514210AD76F0091B6FF /* Release */ = {
			isa = XCBuildConfiguration;
			buildSettings = {
				ASSETCATALOG_COMPILER_APPICON_NAME = AppIcon;
				CODE_SIGN_STYLE = Automatic;
				DEVELOPMENT_TEAM = 2QQ25SWC5D;
				INFOPLIST_FILE = HelloMyObjectRecognizer/Info.plist;
				LD_RUNPATH_SEARCH_PATHS = (
					"$(inherited)",
					"@executable_path/Frameworks",
				);
				PRODUCT_BUNDLE_IDENTIFIER = cc.softarts.HelloMyObjectRecognizer;
				PRODUCT_NAME = "$(TARGET_NAME)";
				SWIFT_VERSION = 4.0;
				TARGETED_DEVICE_FAMILY = "1,2";
			};
			name = Release;
		};
/* End XCBuildConfiguration section */

/* Begin XCConfigurationList section */
		CB5804FB210AD76E0091B6FF /* Build configuration list for PBXProject "SwiftHelloAgeGender" */ = {
			isa = XCConfigurationList;
			buildConfigurations = (
				CB580510210AD76F0091B6FF /* Debug */,
				CB580511210AD76F0091B6FF /* Release */,
			);
			defaultConfigurationIsVisible = 0;
			defaultConfigurationName = Release;
		};
		CB580512210AD76F0091B6FF /* Build configuration list for PBXNativeTarget "SwiftHelloAgeGender" */ = {
			isa = XCConfigurationList;
			buildConfigurations = (
				CB580513210AD76F0091B6FF /* Debug */,
				CB580514210AD76F0091B6FF /* Release */,
			);
			defaultConfigurationIsVisible = 0;
			defaultConfigurationName = Release;
		};
/* End XCConfigurationList section */
	};
	rootObject = CB5804F8210AD76E0091B6FF /* Project object */;
}
